
Microsoft Visual Studio Solution File, Format Version 12.00
# Visual Studio Version 17
VisualStudioVersion = 17.4.33122.133
MinimumVisualStudioVersion = 10.0.40219.1
Project("{FAE04EC0-301F-11D3-BF4B-00C04F79EFBC}") = "UslugaSieciowa", "UslugaSieciowa\UslugaSieciowa.csproj", "{967085D9-84A4-4FD4-85E5-1812DE0824ED}"
EndProject
Project("{FAE04EC0-301F-11D3-BF4B-00C04F79EFBC}") = "WCFTestUI", "WCFTestUI\WCFTestUI.csproj", "{F64F8AE0-2420-4378-8BC3-C8B7F5D67D66}"
EndProject
Project("{FAE04EC0-301F-11D3-BF4B-00C04F79EFBC}") = "BiblioteczkaWCF", "BiblioteczkaWCF\BiblioteczkaWCF.csproj", "{3C47E624-6CA8-4C29-A5AA-D3ED181065BA}"
EndProject
Global
	GlobalSection(SolutionConfigurationPlatforms) = preSolution
		Debug|Any CPU = Debug|Any CPU
		Release|Any CPU = Release|Any CPU
	EndGlobalSection
	GlobalSection(ProjectConfigurationPlatforms) = postSolution
		{967085D9-84A4-4FD4-85E5-1812DE0824ED}.Debug|Any CPU.ActiveCfg = Debug|Any CPU
		{967085D9-84A4-4FD4-85E5-1812DE0824ED}.Debug|Any CPU.Build.0 = Debug|Any CPU
		{967085D9-84A4-4FD4-85E5-1812DE0824ED}.Release|Any CPU.ActiveCfg = Release|Any CPU
		{967085D9-84A4-4FD4-85E5-1812DE0824ED}.Release|Any CPU.Build.0 = Release|Any CPU
		{F64F8AE0-2420-4378-8BC3-C8B7F5D67D66}.Debug|Any CPU.ActiveCfg = Debug|Any CPU
		{F64F8AE0-2420-4378-8BC3-C8B7F5D67D66}.Debug|Any CPU.Build.0 = Debug|Any CPU
		{F64F8AE0-2420-4378-8BC3-C8B7F5D67D66}.Release|Any CPU.ActiveCfg = Release|Any CPU
		{F64F8AE0-2420-4378-8BC3-C8B7F5D67D66}.Release|Any CPU.Build.0 = Release|Any CPU
		{3C47E624-6CA8-4C29-A5AA-D3ED181065BA}.Debug|Any CPU.ActiveCfg = Debug|Any CPU
		{3C47E624-6CA8-4C29-A5AA-D3ED181065BA}.Debug|Any CPU.Build.0 = Debug|Any CPU
		{3C47E624-6CA8-4C29-A5AA-D3ED181065BA}.Release|Any CPU.ActiveCfg = Release|Any CPU
		{3C47E624-6CA8-4C29-A5AA-D3ED181065BA}.Release|Any CPU.Build.0 = Release|Any CPU
	EndGlobalSection
	GlobalSection(SolutionProperties) = preSolution
		HideSolutionNode = FALSE
	EndGlobalSection
	GlobalSection(ExtensibilityGlobals) = postSolution
		SolutionGuid = {A5238E30-9F7C-4607-8981-F268DCEB2A46}
	EndGlobalSection
EndGlobal
